
Microsoft Visual Studio Solution File, Format Version 12.00
# Visual Studio 15
VisualStudioVersion = 15.0.28307.757
MinimumVisualStudioVersion = 10.0.40219.1
Project("{FAE04EC0-301F-11D3-BF4B-00C04F79EFBC}") = "ISO.Server", "ISO.Server\ISO.Server.csproj", "{60608DAC-5D30-46FC-BCE2-D379FC3C63DB}"
EndProject
Global
	GlobalSection(SolutionConfigurationPlatforms) = preSolution
		Debug|Any CPU = Debug|Any CPU
		Release|Any CPU = Release|Any CPU
	EndGlobalSection
	GlobalSection(ProjectConfigurationPlatforms) = postSolution
		{60608DAC-5D30-46FC-BCE2-D379FC3C63DB}.Debug|Any CPU.ActiveCfg = Debug|Any CPU
		{60608DAC-5D30-46FC-BCE2-D379FC3C63DB}.Debug|Any CPU.Build.0 = Debug|Any CPU
		{60608DAC-5D30-46FC-BCE2-D379FC3C63DB}.Release|Any CPU.ActiveCfg = Release|Any CPU
		{60608DAC-5D30-46FC-BCE2-D379FC3C63DB}.Release|Any CPU.Build.0 = Release|Any CPU
	EndGlobalSection
	GlobalSection(SolutionProperties) = preSolution
		HideSolutionNode = FALSE
	EndGlobalSection
	GlobalSection(ExtensibilityGlobals) = postSolution
		SolutionGuid = {47451527-05A8-496E-ACD1-55E2A78D90FF}
	EndGlobalSection
EndGlobal
